{
  "requires": true,
  "lockfileVersion": 1,
  "dependencies": {
    "@types/lodash-es": {
      "version": "4.17.5",
      "resolved": "https://registry.npmmirror.com/@types/lodash-es/download/@types/lodash-es-4.17.5.tgz",
      "dev": true,
      "requires": {
        "@types/lodash": "*"
      },
      "dependencies": {
        "@types/lodash": {
          "version": "4.14.177",
          "resolved": "https://registry.npmmirror.com/@types/lodash/download/@types/lodash-4.14.177.tgz",
          "dev": true
        }
      }
    },
    "@types/node": {
      "version": "16.11.11",
      "resolved": "https://registry.npmmirror.com/@types/node/download/@types/node-16.11.11.tgz",
      "dev": true
    }
  }
}
